// !$*UTF8*$!
{
	archiveVersion = 1;
	classes = {
	};
	objectVersion = 50;
	objects = {

/* Begin PBXBuildFile section */
		B116EAB623364FBD007EADA8 /* AppDelegate.swift in Sources */ = {isa = PBXBuildFile; fileRef = B116EAB523364FBD007EADA8 /* AppDelegate.swift */; };
		B116EAB823364FBD007EADA8 /* SceneDelegate.swift in Sources */ = {isa = PBXBuildFile; fileRef = B116EAB723364FBD007EADA8 /* SceneDelegate.swift */; };
		B116EABA23364FBD007EADA8 /* ContentView.swift in Sources */ = {isa = PBXBuildFile; fileRef = B116EAB923364FBD007EADA8 /* ContentView.swift */; };
		B116EABC23364FC6007EADA8 /* Assets.xcassets in Resources */ = {isa = PBXBuildFile; fileRef = B116EABB23364FC6007EADA8 /* Assets.xcassets */; };
		B116EABF23364FC6007EADA8 /* Preview Assets.xcassets in Resources */ = {isa = PBXBuildFile; fileRef = B116EABE23364FC6007EADA8 /* Preview Assets.xcassets */; };
		B116EAC223364FC6007EADA8 /* LaunchScreen.storyboard in Resources */ = {isa = PBXBuildFile; fileRef = B116EAC023364FC6007EADA8 /* LaunchScreen.storyboard */; };
/* End PBXBuildFile section */

/* Begin PBXFileReference section */
		B116EAB223364FBD007EADA8 /* ImageAnimation.app */ = {isa = PBXFileReference; explicitFileType = wrapper.application; includeInIndex = 0; path = ImageAnimation.app; sourceTree = BUILT_PRODUCTS_DIR; };
		B116EAB523364FBD007EADA8 /* AppDelegate.swift */ = {isa = PBXFileReference; lastKnownFileType = sourcecode.swift; path = AppDelegate.swift; sourceTree = "<group>"; };
		B116EAB723364FBD007EADA8 /* SceneDelegate.swift */ = {isa = PBXFileReference; lastKnownFileType = sourcecode.swift; path = SceneDelegate.swift; sourceTree = "<group>"; };
		B116EAB923364FBD007EADA8 /* ContentView.swift */ = {isa = PBXFileReference; lastKnownFileType = sourcecode.swift; path = ContentView.swift; sourceTree = "<group>"; };
		B116EABB23364FC6007EADA8 /* Assets.xcassets */ = {isa = PBXFileReference; lastKnownFileType = folder.assetcatalog; path = Assets.xcassets; sourceTree = "<group>"; };
		B116EABE23364FC6007EADA8 /* Preview Assets.xcassets */ = {isa = PBXFileReference; lastKnownFileType = folder.assetcatalog; path = "Preview Assets.xcassets"; sourceTree = "<group>"; };
		B116EAC123364FC6007EADA8 /* Base */ = {isa = PBXFileReference; lastKnownFileType = file.storyboard; name = Base; path = Base.lproj/LaunchScreen.storyboard; sourceTree = "<group>"; };
		B116EAC323364FC6007EADA8 /* Info.plist */ = {isa = PBXFileReference; lastKnownFileType = text.plist.xml; path = Info.plist; sourceTree = "<group>"; };
/* End PBXFileReference section */

/* Begin PBXFrameworksBuildPhase section */
		B116EAAF23364FBD007EADA8 /* Frameworks */ = {
			isa = PBXFrameworksBuildPhase;
			buildActionMask = 2147483647;
			files = (
			);
			runOnlyForDeploymentPostprocessing = 0;
		};
/* End PBXFrameworksBuildPhase section */

/* Begin PBXGroup section */
		B116EAA923364FBD007EADA8 = {
			isa = PBXGroup;
			children = (
				B116EAB423364FBD007EADA8 /* ImageAnimation */,
				B116EAB323364FBD007EADA8 /* Products */,
			);
			sourceTree = "<group>";
		};
		B116EAB323364FBD007EADA8 /* Products */ = {
			isa = PBXGroup;
			children = (
				B116EAB223364FBD007EADA8 /* ImageAnimation.app */,
			);
			name = Products;
			sourceTree = "<group>";
		};
		B116EAB423364FBD007EADA8 /* ImageAnimation */ = {
			isa = PBXGroup;
			children = (
				B116EAB523364FBD007EADA8 /* AppDelegate.swift */,
				B116EAB723364FBD007EADA8 /* SceneDelegate.swift */,
				B116EAB923364FBD007EADA8 /* ContentView.swift */,
				B116EABB23364FC6007EADA8 /* Assets.xcassets */,
				B116EAC023364FC6007EADA8 /* LaunchScreen.storyboard */,
				B116EAC323364FC6007EADA8 /* Info.plist */,
				B116EABD23364FC6007EADA8 /* Preview Content */,
			);
			path = ImageAnimation;
			sourceTree = "<group>";
		};
		B116EABD23364FC6007EADA8 /* Preview Content */ = {
			isa = PBXGroup;
			children = (
				B116EABE23364FC6007EADA8 /* Preview Assets.xcassets */,
			);
			path = "Preview Content";
			sourceTree = "<group>";
		};
/* End PBXGroup section */

/* Begin PBXNativeTarget section */
		B116EAB123364FBD007EADA8 /* ImageAnimation */ = {
			isa = PBXNativeTarget;
			buildConfigurationList = B116EAC623364FC6007EADA8 /* Build configuration list for PBXNativeTarget "ImageAnimation" */;
			buildPhases = (
				B116EAAE23364FBD007EADA8 /* Sources */,
				B116EAAF23364FBD007EADA8 /* Frameworks */,
				B116EAB023364FBD007EADA8 /* Resources */,
			);
			buildRules = (
			);
			dependencies = (
			);
			name = ImageAnimation;
			productName = ImageAnimation;
			productReference = B116EAB223364FBD007EADA8 /* ImageAnimation.app */;
			productType = "com.apple.product-type.application";
		};
/* End PBXNativeTarget section */

/* Begin PBXProject section */
		B116EAAA23364FBD007EADA8 /* Project object */ = {
			isa = PBXProject;
			attributes = {
				LastSwiftUpdateCheck = 1100;
				LastUpgradeCheck = 1100;
				ORGANIZATIONNAME = Liyong;
				TargetAttributes = {
					B116EAB123364FBD007EADA8 = {
						CreatedOnToolsVersion = 11.0;
					};
				};
			};
			buildConfigurationList = B116EAAD23364FBD007EADA8 /* Build configuration list for PBXProject "ImageAnimation" */;
			compatibilityVersion = "Xcode 9.3";
			developmentRegion = en;
			hasScannedForEncodings = 0;
			knownRegions = (
				en,
				Base,
			);
			mainGroup = B116EAA923364FBD007EADA8;
			productRefGroup = B116EAB323364FBD007EADA8 /* Products */;
			projectDirPath = "";
			projectRoot = "";
			targets = (
				B116EAB123364FBD007EADA8 /* ImageAnimation */,
			);
		};
/* End PBXProject section */

/* Begin PBXResourcesBuildPhase section */
		B116EAB023364FBD007EADA8 /* Resources */ = {
			isa = PBXResourcesBuildPhase;
			buildActionMask = 2147483647;
			files = (
				B116EAC223364FC6007EADA8 /* LaunchScreen.storyboard in Resources */,
				B116EABF23364FC6007EADA8 /* Preview Assets.xcassets in Resources */,
				B116EABC23364FC6007EADA8 /* Assets.xcassets in Resources */,
			);
			runOnlyForDeploymentPostprocessing = 0;
		};
/* End PBXResourcesBuildPhase section */

/* Begin PBXSourcesBuildPhase section */
		B116EAAE23364FBD007EADA8 /* Sources */ = {
			isa = PBXSourcesBuildPhase;
			buildActionMask = 2147483647;
			files = (
				B116EAB623364FBD007EADA8 /* AppDelegate.swift in Sources */,
				B116EAB823364FBD007EADA8 /* SceneDelegate.swift in Sources */,
				B116EABA23364FBD007EADA8 /* ContentView.swift in Sources */,
			);
			runOnlyForDeploymentPostprocessing = 0;
		};
/* End PBXSourcesBuildPhase section */

/* Begin PBXVariantGroup section */
		B116EAC023364FC6007EADA8 /* LaunchScreen.storyboard */ = {
			isa = PBXVariantGroup;
			children = (
				B116EAC123364FC6007EADA8 /* Base */,
			);
			name = LaunchScreen.storyboard;
			sourceTree = "<group>";
		};
/* End PBXVariantGroup section */

/* Begin XCBuildConfiguration section */
		B116EAC423364FC6007EADA8 /* Debug */ = {
			isa = XCBuildConfiguration;
			buildSettings = {
				ALWAYS_SEARCH_USER_PATHS = NO;
				CLANG_ANALYZER_NONNULL = YES;
				CLANG_ANALYZER_NUMBER_OBJECT_CONVERSION = YES_AGGRESSIVE;
				CLANG_CXX_LANGUAGE_STANDARD = "gnu++14";
				CLANG_CXX_LIBRARY = "libc++";
				CLANG_ENABLE_MODULES = YES;
				CLANG_ENABLE_OBJC_ARC = YES;
				CLANG_ENABLE_OBJC_WEAK = YES;
				CLANG_WARN_BLOCK_CAPTURE_AUTORELEASING = YES;
				CLANG_WARN_BOOL_CONVERSION = YES;
				CLANG_WARN_COMMA = YES;
				CLANG_WARN_CONSTANT_CONVERSION = YES;
				CLANG_WARN_DEPRECATED_OBJC_IMPLEMENTATIONS = YES;
				CLANG_WARN_DIRECT_OBJC_ISA_USAGE = YES_ERROR;
				CLANG_WARN_DOCUMENTATION_COMMENTS = YES;
				CLANG_WARN_EMPTY_BODY = YES;
				CLANG_WARN_ENUM_CONVERSION = YES;
				CLANG_WARN_INFINITE_RECURSION = YES;
				CLANG_WARN_INT_CONVERSION = YES;
				CLANG_WARN_NON_LITERAL_NULL_CONVERSION = YES;
				CLANG_WARN_OBJC_IMPLICIT_RETAIN_SELF = YES;
				CLANG_WARN_OBJC_LITERAL_CONVERSION = YES;
				CLANG_WARN_OBJC_ROOT_CLASS = YES_ERROR;
				CLANG_WARN_RANGE_LOOP_ANALYSIS = YES;
				CLANG_WARN_STRICT_PROTOTYPES = YES;
				CLANG_WARN_SUSPICIOUS_MOVE = YES;
				CLANG_WARN_UNGUARDED_AVAILABILITY = YES_AGGRESSIVE;
				CLANG_WARN_UNREACHABLE_CODE = YES;
				CLANG_WARN__DUPLICATE_METHOD_MATCH = YES;
				COPY_PHASE_STRIP = NO;
				DEBUG_INFORMATION_FORMAT = dwarf;
				ENABLE_STRICT_OBJC_MSGSEND = YES;
				ENABLE_TESTABILITY = YES;
				GCC_C_LANGUAGE_STANDARD = gnu11;
				GCC_DYNAMIC_NO_PIC = NO;
				GCC_NO_COMMON_BLOCKS = YES;
				GCC_OPTIMIZATION_LEVEL = 0;
				GCC_PREPROCESSOR_DEFINITIONS = (
					"DEBUG=1",
					"$(inherited)",
				);
				GCC_WARN_64_TO_32_BIT_CONVERSION = YES;
				GCC_WARN_ABOUT_RETURN_TYPE = YES_ERROR;
				GCC_WARN_UNDECLARED_SELECTOR = YES;
				GCC_WARN_UNINITIALIZED_AUTOS = YES_AGGRESSIVE;
				GCC_WARN_UNUSED_FUNCTION = YES;
				GCC_WARN_UNUSED_VARIABLE = YES;
				IPHONEOS_DEPLOYMENT_TARGET = 13.0;
				MTL_ENABLE_DEBUG_INFO = INCLUDE_SOURCE;
				MTL_FAST_MATH = YES;
				ONLY_ACTIVE_ARCH = YES;
				SDKROOT = iphoneos;
				SWIFT_ACTIVE_COMPILATION_CONDITIONS = DEBUG;
				SWIFT_OPTIMIZATION_LEVEL = "-Onone";
			};
			name = Debug;
		};
		B116EAC523364FC6007EADA8 /* Release */ = {
			isa = XCBuildConfiguration;
			buildSettings = {
				ALWAYS_SEARCH_USER_PATHS = NO;
				CLANG_ANALYZER_NONNULL = YES;
				CLANG_ANALYZER_NUMBER_OBJECT_CONVERSION = YES_AGGRESSIVE;
				CLANG_CXX_LANGUAGE_STANDARD = "gnu++14";
				CLANG_CXX_LIBRARY = "libc++";
				CLANG_ENABLE_MODULES = YES;
				CLANG_ENABLE_OBJC_ARC = YES;
				CLANG_ENABLE_OBJC_WEAK = YES;
				CLANG_WARN_BLOCK_CAPTURE_AUTORELEASING = YES;
				CLANG_WARN_BOOL_CONVERSION = YES;
				CLANG_WARN_COMMA = YES;
				CLANG_WARN_CONSTANT_CONVERSION = YES;
				CLANG_WARN_DEPRECATED_OBJC_IMPLEMENTATIONS = YES;
				CLANG_WARN_DIRECT_OBJC_ISA_USAGE = YES_ERROR;
				CLANG_WARN_DOCUMENTATION_COMMENTS = YES;
				CLANG_WARN_EMPTY_BODY = YES;
				CLANG_WARN_ENUM_CONVERSION = YES;
				CLANG_WARN_INFINITE_RECURSION = YES;
				CLANG_WARN_INT_CONVERSION = YES;
				CLANG_WARN_NON_LITERAL_NULL_CONVERSION = YES;
				CLANG_WARN_OBJC_IMPLICIT_RETAIN_SELF = YES;
				CLANG_WARN_OBJC_LITERAL_CONVERSION = YES;
				CLANG_WARN_OBJC_ROOT_CLASS = YES_ERROR;
				CLANG_WARN_RANGE_LOOP_ANALYSIS = YES;
				CLANG_WARN_STRICT_PROTOTYPES = YES;
				CLANG_WARN_SUSPICIOUS_MOVE = YES;
				CLANG_WARN_UNGUARDED_AVAILABILITY = YES_AGGRESSIVE;
				CLANG_WARN_UNREACHABLE_CODE = YES;
				CLANG_WARN__DUPLICATE_METHOD_MATCH = YES;
				COPY_PHASE_STRIP = NO;
				DEBUG_INFORMATION_FORMAT = "dwarf-with-dsym";
				ENABLE_NS_ASSERTIONS = NO;
				ENABLE_STRICT_OBJC_MSGSEND = YES;
				GCC_C_LANGUAGE_STANDARD = gnu11;
				GCC_NO_COMMON_BLOCKS = YES;
				GCC_WARN_64_TO_32_BIT_CONVERSION = YES;
				GCC_WARN_ABOUT_RETURN_TYPE = YES_ERROR;
				GCC_WARN_UNDECLARED_SELECTOR = YES;
				GCC_WARN_UNINITIALIZED_AUTOS = YES_AGGRESSIVE;
				GCC_WARN_UNUSED_FUNCTION = YES;
				GCC_WARN_UNUSED_VARIABLE = YES;
				IPHONEOS_DEPLOYMENT_TARGET = 13.0;
				MTL_ENABLE_DEBUG_INFO = NO;
				MTL_FAST_MATH = YES;
				SDKROOT = iphoneos;
				SWIFT_COMPILATION_MODE = wholemodule;
				SWIFT_OPTIMIZATION_LEVEL = "-O";
				VALIDATE_PRODUCT = YES;
			};
			name = Release;
		};
		B116EAC723364FC6007EADA8 /* Debug */ = {
			isa = XCBuildConfiguration;
			buildSettings = {
				ASSETCATALOG_COMPILER_APPICON_NAME = AppIcon;
				CODE_SIGN_STYLE = Automatic;
				DEVELOPMENT_ASSET_PATHS = "\"ImageAnimation/Preview Content\"";
				DEVELOPMENT_TEAM = 5EPTS7B9SQ;
				ENABLE_PREVIEWS = YES;
				INFOPLIST_FILE = ImageAnimation/Info.plist;
				LD_RUNPATH_SEARCH_PATHS = (
					"$(inherited)",
					"@executable_path/Frameworks",
				);
				PRODUCT_BUNDLE_IDENTIFIER = com.ly05010419.ImageAnimation;
				PRODUCT_NAME = "$(TARGET_NAME)";
				SWIFT_VERSION = 5.0;
				TARGETED_DEVICE_FAMILY = "1,2";
			};
			name = Debug;
		};
		B116EAC823364FC6007EADA8 /* Release */ = {
			isa = XCBuildConfiguration;
			buildSettings = {
				ASSETCATALOG_COMPILER_APPICON_NAME = AppIcon;
				CODE_SIGN_STYLE = Automatic;
				DEVELOPMENT_ASSET_PATHS = "\"ImageAnimation/Preview Content\"";
				DEVELOPMENT_TEAM = 5EPTS7B9SQ;
				ENABLE_PREVIEWS = YES;
				INFOPLIST_FILE = ImageAnimation/Info.plist;
				LD_RUNPATH_SEARCH_PATHS = (
					"$(inherited)",
					"@executable_path/Frameworks",
				);
				PRODUCT_BUNDLE_IDENTIFIER = com.ly05010419.ImageAnimation;
				PRODUCT_NAME = "$(TARGET_NAME)";
				SWIFT_VERSION = 5.0;
				TARGETED_DEVICE_FAMILY = "1,2";
			};
			name = Release;
		};
/* End XCBuildConfiguration section */

/* Begin XCConfigurationList section */
		B116EAAD23364FBD007EADA8 /* Build configuration list for PBXProject "ImageAnimation" */ = {
			isa = XCConfigurationList;
			buildConfigurations = (
				B116EAC423364FC6007EADA8 /* Debug */,
				B116EAC523364FC6007EADA8 /* Release */,
			);
			defaultConfigurationIsVisible = 0;
			defaultConfigurationName = Release;
		};
		B116EAC623364FC6007EADA8 /* Build configuration list for PBXNativeTarget "ImageAnimation" */ = {
			isa = XCConfigurationList;
			buildConfigurations = (
				B116EAC723364FC6007EADA8 /* Debug */,
				B116EAC823364FC6007EADA8 /* Release */,
			);
			defaultConfigurationIsVisible = 0;
			defaultConfigurationName = Release;
		};
/* End XCConfigurationList section */
	};
	rootObject = B116EAAA23364FBD007EADA8 /* Project object */;
}
